// !$*UTF8*$!
{
	archiveVersion = 1;
	classes = {
	};
	objectVersion = 56;
	objects = {

/* Begin PBXBuildFile section */
		810F16742C6B51250084B706 /* ScreenModel.swift in Sources */ = {isa = PBXBuildFile; fileRef = 810F16732C6B51250084B706 /* ScreenModel.swift */; };
		810F16772C6B530B0084B706 /* UIComponent.swift in Sources */ = {isa = PBXBuildFile; fileRef = 810F16762C6B530B0084B706 /* UIComponent.swift */; };
		810F167A2C6B53AE0084B706 /* FeaturedImageComponent.swift in Sources */ = {isa = PBXBuildFile; fileRef = 810F16792C6B53AE0084B706 /* FeaturedImageComponent.swift */; };
		810F167C2C6B54930084B706 /* FeaturedImageUIModel.swift in Sources */ = {isa = PBXBuildFile; fileRef = 810F167B2C6B54930084B706 /* FeaturedImageUIModel.swift */; };
		810F167F2C6B56CB0084B706 /* View+Extensions.swift in Sources */ = {isa = PBXBuildFile; fileRef = 810F167E2C6B56CB0084B706 /* View+Extensions.swift */; };
		810F16822C6B58A30084B706 /* PetListViewModel.swift in Sources */ = {isa = PBXBuildFile; fileRef = 810F16812C6B58A30084B706 /* PetListViewModel.swift */; };
		810F16852C6B5AFD0084B706 /* Dictionary+Extensions.swift in Sources */ = {isa = PBXBuildFile; fileRef = 810F16842C6B5AFD0084B706 /* Dictionary+Extensions.swift */; };
		8120DAFA2C688188000E3DDB /* SAADemoApp.swift in Sources */ = {isa = PBXBuildFile; fileRef = 8120DAF92C688188000E3DDB /* SAADemoApp.swift */; };
		8120DAFC2C688188000E3DDB /* ContentView.swift in Sources */ = {isa = PBXBuildFile; fileRef = 8120DAFB2C688188000E3DDB /* ContentView.swift */; };
		8120DAFE2C688189000E3DDB /* Assets.xcassets in Resources */ = {isa = PBXBuildFile; fileRef = 8120DAFD2C688189000E3DDB /* Assets.xcassets */; };
		8120DB012C688189000E3DDB /* Preview Assets.xcassets in Resources */ = {isa = PBXBuildFile; fileRef = 8120DB002C688189000E3DDB /* Preview Assets.xcassets */; };
		8120DB082C688219000E3DDB /* Webservice.swift in Sources */ = {isa = PBXBuildFile; fileRef = 8120DB072C688219000E3DDB /* Webservice.swift */; };
		8120DB0A2C688241000E3DDB /* Constants.swift in Sources */ = {isa = PBXBuildFile; fileRef = 8120DB092C688241000E3DDB /* Constants.swift */; };
/* End PBXBuildFile section */

/* Begin PBXFileReference section */
		810F16732C6B51250084B706 /* ScreenModel.swift */ = {isa = PBXFileReference; lastKnownFileType = sourcecode.swift; path = ScreenModel.swift; sourceTree = "<group>"; };
		810F16762C6B530B0084B706 /* UIComponent.swift */ = {isa = PBXFileReference; lastKnownFileType = sourcecode.swift; path = UIComponent.swift; sourceTree = "<group>"; };
		810F16792C6B53AE0084B706 /* FeaturedImageComponent.swift */ = {isa = PBXFileReference; lastKnownFileType = sourcecode.swift; path = FeaturedImageComponent.swift; sourceTree = "<group>"; };
		810F167B2C6B54930084B706 /* FeaturedImageUIModel.swift */ = {isa = PBXFileReference; lastKnownFileType = sourcecode.swift; path = FeaturedImageUIModel.swift; sourceTree = "<group>"; };
		810F167E2C6B56CB0084B706 /* View+Extensions.swift */ = {isa = PBXFileReference; lastKnownFileType = sourcecode.swift; path = "View+Extensions.swift"; sourceTree = "<group>"; };
		810F16812C6B58A30084B706 /* PetListViewModel.swift */ = {isa = PBXFileReference; lastKnownFileType = sourcecode.swift; path = PetListViewModel.swift; sourceTree = "<group>"; };
		810F16842C6B5AFD0084B706 /* Dictionary+Extensions.swift */ = {isa = PBXFileReference; lastKnownFileType = sourcecode.swift; path = "Dictionary+Extensions.swift"; sourceTree = "<group>"; };
		8120DAF62C688188000E3DDB /* SAADemo.app */ = {isa = PBXFileReference; explicitFileType = wrapper.application; includeInIndex = 0; path = SAADemo.app; sourceTree = BUILT_PRODUCTS_DIR; };
		8120DAF92C688188000E3DDB /* SAADemoApp.swift */ = {isa = PBXFileReference; lastKnownFileType = sourcecode.swift; path = SAADemoApp.swift; sourceTree = "<group>"; };
		8120DAFB2C688188000E3DDB /* ContentView.swift */ = {isa = PBXFileReference; lastKnownFileType = sourcecode.swift; path = ContentView.swift; sourceTree = "<group>"; };
		8120DAFD2C688189000E3DDB /* Assets.xcassets */ = {isa = PBXFileReference; lastKnownFileType = folder.assetcatalog; path = Assets.xcassets; sourceTree = "<group>"; };
		8120DB002C688189000E3DDB /* Preview Assets.xcassets */ = {isa = PBXFileReference; lastKnownFileType = folder.assetcatalog; path = "Preview Assets.xcassets"; sourceTree = "<group>"; };
		8120DB072C688219000E3DDB /* Webservice.swift */ = {isa = PBXFileReference; lastKnownFileType = sourcecode.swift; path = Webservice.swift; sourceTree = "<group>"; };
		8120DB092C688241000E3DDB /* Constants.swift */ = {isa = PBXFileReference; lastKnownFileType = sourcecode.swift; path = Constants.swift; sourceTree = "<group>"; };
/* End PBXFileReference section */

/* Begin PBXFrameworksBuildPhase section */
		8120DAF32C688188000E3DDB /* Frameworks */ = {
			isa = PBXFrameworksBuildPhase;
			buildActionMask = 2147483647;
			files = (
			);
			runOnlyForDeploymentPostprocessing = 0;
		};
/* End PBXFrameworksBuildPhase section */

/* Begin PBXGroup section */
		810F166E2C6B50050084B706 /* Services */ = {
			isa = PBXGroup;
			children = (
				8120DB072C688219000E3DDB /* Webservice.swift */,
			);
			path = Services;
			sourceTree = "<group>";
		};
		810F166F2C6B506A0084B706 /* Utils */ = {
			isa = PBXGroup;
			children = (
				8120DB092C688241000E3DDB /* Constants.swift */,
			);
			path = Utils;
			sourceTree = "<group>";
		};
		810F16702C6B50850084B706 /* Supporting Files */ = {
			isa = PBXGroup;
			children = (
				8120DAFD2C688189000E3DDB /* Assets.xcassets */,
				8120DAFF2C688189000E3DDB /* Preview Content */,
			);
			path = "Supporting Files";
			sourceTree = "<group>";
		};
		810F16712C6B50920084B706 /* Views */ = {
			isa = PBXGroup;
			children = (
				8120DAFB2C688188000E3DDB /* ContentView.swift */,
			);
			path = Views;
			sourceTree = "<group>";
		};
		810F16722C6B509B0084B706 /* Application */ = {
			isa = PBXGroup;
			children = (
				8120DAF92C688188000E3DDB /* SAADemoApp.swift */,
			);
			path = Application;
			sourceTree = "<group>";
		};
		810F16752C6B512A0084B706 /* UIModels */ = {
			isa = PBXGroup;
			children = (
				810F16732C6B51250084B706 /* ScreenModel.swift */,
				810F167B2C6B54930084B706 /* FeaturedImageUIModel.swift */,
			);
			path = UIModels;
			sourceTree = "<group>";
		};
		810F16782C6B53110084B706 /* Components */ = {
			isa = PBXGroup;
			children = (
				810F16762C6B530B0084B706 /* UIComponent.swift */,
				810F16792C6B53AE0084B706 /* FeaturedImageComponent.swift */,
			);
			path = Components;
			sourceTree = "<group>";
		};
		810F16802C6B56D10084B706 /* Extensions */ = {
			isa = PBXGroup;
			children = (
				810F167E2C6B56CB0084B706 /* View+Extensions.swift */,
				810F16842C6B5AFD0084B706 /* Dictionary+Extensions.swift */,
			);
			path = Extensions;
			sourceTree = "<group>";
		};
		810F16832C6B58A90084B706 /* ViewModels */ = {
			isa = PBXGroup;
			children = (
				810F16812C6B58A30084B706 /* PetListViewModel.swift */,
			);
			path = ViewModels;
			sourceTree = "<group>";
		};
		8120DAED2C688188000E3DDB = {
			isa = PBXGroup;
			children = (
				8120DAF82C688188000E3DDB /* SAADemo */,
				8120DAF72C688188000E3DDB /* Products */,
			);
			sourceTree = "<group>";
		};
		8120DAF72C688188000E3DDB /* Products */ = {
			isa = PBXGroup;
			children = (
				8120DAF62C688188000E3DDB /* SAADemo.app */,
			);
			name = Products;
			sourceTree = "<group>";
		};
		8120DAF82C688188000E3DDB /* SAADemo */ = {
			isa = PBXGroup;
			children = (
				810F16722C6B509B0084B706 /* Application */,
				810F16712C6B50920084B706 /* Views */,
				810F16702C6B50850084B706 /* Supporting Files */,
				810F166E2C6B50050084B706 /* Services */,
				810F166F2C6B506A0084B706 /* Utils */,
				810F16752C6B512A0084B706 /* UIModels */,
				810F16782C6B53110084B706 /* Components */,
				810F16802C6B56D10084B706 /* Extensions */,
				810F16832C6B58A90084B706 /* ViewModels */,
			);
			path = SAADemo;
			sourceTree = "<group>";
		};
		8120DAFF2C688189000E3DDB /* Preview Content */ = {
			isa = PBXGroup;
			children = (
				8120DB002C688189000E3DDB /* Preview Assets.xcassets */,
			);
			path = "Preview Content";
			sourceTree = "<group>";
		};
/* End PBXGroup section */

/* Begin PBXNativeTarget section */
		8120DAF52C688188000E3DDB /* SAADemo */ = {
			isa = PBXNativeTarget;
			buildConfigurationList = 8120DB042C688189000E3DDB /* Build configuration list for PBXNativeTarget "SAADemo" */;
			buildPhases = (
				8120DAF22C688188000E3DDB /* Sources */,
				8120DAF32C688188000E3DDB /* Frameworks */,
				8120DAF42C688188000E3DDB /* Resources */,
			);
			buildRules = (
			);
			dependencies = (
			);
			name = SAADemo;
			productName = SAADemo;
			productReference = 8120DAF62C688188000E3DDB /* SAADemo.app */;
			productType = "com.apple.product-type.application";
		};
/* End PBXNativeTarget section */

/* Begin PBXProject section */
		8120DAEE2C688188000E3DDB /* Project object */ = {
			isa = PBXProject;
			attributes = {
				BuildIndependentTargetsInParallel = 1;
				LastSwiftUpdateCheck = 1530;
				LastUpgradeCheck = 1530;
				TargetAttributes = {
					8120DAF52C688188000E3DDB = {
						CreatedOnToolsVersion = 15.3;
					};
				};
			};
			buildConfigurationList = 8120DAF12C688188000E3DDB /* Build configuration list for PBXProject "SAADemo" */;
			compatibilityVersion = "Xcode 14.0";
			developmentRegion = en;
			hasScannedForEncodings = 0;
			knownRegions = (
				en,
				Base,
			);
			mainGroup = 8120DAED2C688188000E3DDB;
			productRefGroup = 8120DAF72C688188000E3DDB /* Products */;
			projectDirPath = "";
			projectRoot = "";
			targets = (
				8120DAF52C688188000E3DDB /* SAADemo */,
			);
		};
/* End PBXProject section */

/* Begin PBXResourcesBuildPhase section */
		8120DAF42C688188000E3DDB /* Resources */ = {
			isa = PBXResourcesBuildPhase;
			buildActionMask = 2147483647;
			files = (
				8120DB012C688189000E3DDB /* Preview Assets.xcassets in Resources */,
				8120DAFE2C688189000E3DDB /* Assets.xcassets in Resources */,
			);
			runOnlyForDeploymentPostprocessing = 0;
		};
/* End PBXResourcesBuildPhase section */

/* Begin PBXSourcesBuildPhase section */
		8120DAF22C688188000E3DDB /* Sources */ = {
			isa = PBXSourcesBuildPhase;
			buildActionMask = 2147483647;
			files = (
				810F167A2C6B53AE0084B706 /* FeaturedImageComponent.swift in Sources */,
				810F167F2C6B56CB0084B706 /* View+Extensions.swift in Sources */,
				8120DAFC2C688188000E3DDB /* ContentView.swift in Sources */,
				810F16772C6B530B0084B706 /* UIComponent.swift in Sources */,
				810F16822C6B58A30084B706 /* PetListViewModel.swift in Sources */,
				810F16852C6B5AFD0084B706 /* Dictionary+Extensions.swift in Sources */,
				810F16742C6B51250084B706 /* ScreenModel.swift in Sources */,
				8120DAFA2C688188000E3DDB /* SAADemoApp.swift in Sources */,
				8120DB082C688219000E3DDB /* Webservice.swift in Sources */,
				8120DB0A2C688241000E3DDB /* Constants.swift in Sources */,
				810F167C2C6B54930084B706 /* FeaturedImageUIModel.swift in Sources */,
			);
			runOnlyForDeploymentPostprocessing = 0;
		};
/* End PBXSourcesBuildPhase section */

/* Begin XCBuildConfiguration section */
		8120DB022C688189000E3DDB /* Debug */ = {
			isa = XCBuildConfiguration;
			buildSettings = {
				ALWAYS_SEARCH_USER_PATHS = NO;
				ASSETCATALOG_COMPILER_GENERATE_SWIFT_ASSET_SYMBOL_EXTENSIONS = YES;
				CLANG_ANALYZER_NONNULL = YES;
				CLANG_ANALYZER_NUMBER_OBJECT_CONVERSION = YES_AGGRESSIVE;
				CLANG_CXX_LANGUAGE_STANDARD = "gnu++20";
				CLANG_ENABLE_MODULES = YES;
				CLANG_ENABLE_OBJC_ARC = YES;
				CLANG_ENABLE_OBJC_WEAK = YES;
				CLANG_WARN_BLOCK_CAPTURE_AUTORELEASING = YES;
				CLANG_WARN_BOOL_CONVERSION = YES;
				CLANG_WARN_COMMA = YES;
				CLANG_WARN_CONSTANT_CONVERSION = YES;
				CLANG_WARN_DEPRECATED_OBJC_IMPLEMENTATIONS = YES;
				CLANG_WARN_DIRECT_OBJC_ISA_USAGE = YES_ERROR;
				CLANG_WARN_DOCUMENTATION_COMMENTS = YES;
				CLANG_WARN_EMPTY_BODY = YES;
				CLANG_WARN_ENUM_CONVERSION = YES;
				CLANG_WARN_INFINITE_RECURSION = YES;
				CLANG_WARN_INT_CONVERSION = YES;
				CLANG_WARN_NON_LITERAL_NULL_CONVERSION = YES;
				CLANG_WARN_OBJC_IMPLICIT_RETAIN_SELF = YES;
				CLANG_WARN_OBJC_LITERAL_CONVERSION = YES;
				CLANG_WARN_OBJC_ROOT_CLASS = YES_ERROR;
				CLANG_WARN_QUOTED_INCLUDE_IN_FRAMEWORK_HEADER = YES;
				CLANG_WARN_RANGE_LOOP_ANALYSIS = YES;
				CLANG_WARN_STRICT_PROTOTYPES = YES;
				CLANG_WARN_SUSPICIOUS_MOVE = YES;
				CLANG_WARN_UNGUARDED_AVAILABILITY = YES_AGGRESSIVE;
				CLANG_WARN_UNREACHABLE_CODE = YES;
				CLANG_WARN__DUPLICATE_METHOD_MATCH = YES;
				COPY_PHASE_STRIP = NO;
				DEBUG_INFORMATION_FORMAT = dwarf;
				ENABLE_STRICT_OBJC_MSGSEND = YES;
				ENABLE_TESTABILITY = YES;
				ENABLE_USER_SCRIPT_SANDBOXING = YES;
				GCC_C_LANGUAGE_STANDARD = gnu17;
				GCC_DYNAMIC_NO_PIC = NO;
				GCC_NO_COMMON_BLOCKS = YES;
				GCC_OPTIMIZATION_LEVEL = 0;
				GCC_PREPROCESSOR_DEFINITIONS = (
					"DEBUG=1",
					"$(inherited)",
				);
				GCC_WARN_64_TO_32_BIT_CONVERSION = YES;
				GCC_WARN_ABOUT_RETURN_TYPE = YES_ERROR;
				GCC_WARN_UNDECLARED_SELECTOR = YES;
				GCC_WARN_UNINITIALIZED_AUTOS = YES_AGGRESSIVE;
				GCC_WARN_UNUSED_FUNCTION = YES;
				GCC_WARN_UNUSED_VARIABLE = YES;
				IPHONEOS_DEPLOYMENT_TARGET = 17.4;
				LOCALIZATION_PREFERS_STRING_CATALOGS = YES;
				MTL_ENABLE_DEBUG_INFO = INCLUDE_SOURCE;
				MTL_FAST_MATH = YES;
				ONLY_ACTIVE_ARCH = YES;
				SDKROOT = iphoneos;
				SWIFT_ACTIVE_COMPILATION_CONDITIONS = "DEBUG $(inherited)";
				SWIFT_OPTIMIZATION_LEVEL = "-Onone";
			};
			name = Debug;
		};
		8120DB032C688189000E3DDB /* Release */ = {
			isa = XCBuildConfiguration;
			buildSettings = {
				ALWAYS_SEARCH_USER_PATHS = NO;
				ASSETCATALOG_COMPILER_GENERATE_SWIFT_ASSET_SYMBOL_EXTENSIONS = YES;
				CLANG_ANALYZER_NONNULL = YES;
				CLANG_ANALYZER_NUMBER_OBJECT_CONVERSION = YES_AGGRESSIVE;
				CLANG_CXX_LANGUAGE_STANDARD = "gnu++20";
				CLANG_ENABLE_MODULES = YES;
				CLANG_ENABLE_OBJC_ARC = YES;
				CLANG_ENABLE_OBJC_WEAK = YES;
				CLANG_WARN_BLOCK_CAPTURE_AUTORELEASING = YES;
				CLANG_WARN_BOOL_CONVERSION = YES;
				CLANG_WARN_COMMA = YES;
				CLANG_WARN_CONSTANT_CONVERSION = YES;
				CLANG_WARN_DEPRECATED_OBJC_IMPLEMENTATIONS = YES;
				CLANG_WARN_DIRECT_OBJC_ISA_USAGE = YES_ERROR;
				CLANG_WARN_DOCUMENTATION_COMMENTS = YES;
				CLANG_WARN_EMPTY_BODY = YES;
				CLANG_WARN_ENUM_CONVERSION = YES;
				CLANG_WARN_INFINITE_RECURSION = YES;
				CLANG_WARN_INT_CONVERSION = YES;
				CLANG_WARN_NON_LITERAL_NULL_CONVERSION = YES;
				CLANG_WARN_OBJC_IMPLICIT_RETAIN_SELF = YES;
				CLANG_WARN_OBJC_LITERAL_CONVERSION = YES;
				CLANG_WARN_OBJC_ROOT_CLASS = YES_ERROR;
				CLANG_WARN_QUOTED_INCLUDE_IN_FRAMEWORK_HEADER = YES;
				CLANG_WARN_RANGE_LOOP_ANALYSIS = YES;
				CLANG_WARN_STRICT_PROTOTYPES = YES;
				CLANG_WARN_SUSPICIOUS_MOVE = YES;
				CLANG_WARN_UNGUARDED_AVAILABILITY = YES_AGGRESSIVE;
				CLANG_WARN_UNREACHABLE_CODE = YES;
				CLANG_WARN__DUPLICATE_METHOD_MATCH = YES;
				COPY_PHASE_STRIP = NO;
				DEBUG_INFORMATION_FORMAT = "dwarf-with-dsym";
				ENABLE_NS_ASSERTIONS = NO;
				ENABLE_STRICT_OBJC_MSGSEND = YES;
				ENABLE_USER_SCRIPT_SANDBOXING = YES;
				GCC_C_LANGUAGE_STANDARD = gnu17;
				GCC_NO_COMMON_BLOCKS = YES;
				GCC_WARN_64_TO_32_BIT_CONVERSION = YES;
				GCC_WARN_ABOUT_RETURN_TYPE = YES_ERROR;
				GCC_WARN_UNDECLARED_SELECTOR = YES;
				GCC_WARN_UNINITIALIZED_AUTOS = YES_AGGRESSIVE;
				GCC_WARN_UNUSED_FUNCTION = YES;
				GCC_WARN_UNUSED_VARIABLE = YES;
				IPHONEOS_DEPLOYMENT_TARGET = 17.4;
				LOCALIZATION_PREFERS_STRING_CATALOGS = YES;
				MTL_ENABLE_DEBUG_INFO = NO;
				MTL_FAST_MATH = YES;
				SDKROOT = iphoneos;
				SWIFT_COMPILATION_MODE = wholemodule;
				VALIDATE_PRODUCT = YES;
			};
			name = Release;
		};
		8120DB052C688189000E3DDB /* Debug */ = {
			isa = XCBuildConfiguration;
			buildSettings = {
				ASSETCATALOG_COMPILER_APPICON_NAME = AppIcon;
				ASSETCATALOG_COMPILER_GLOBAL_ACCENT_COLOR_NAME = AccentColor;
				CODE_SIGN_STYLE = Automatic;
				CURRENT_PROJECT_VERSION = 1;
				DEVELOPMENT_ASSET_PATHS = "\"SAADemo/Supporting Files/Preview Content\"";
				DEVELOPMENT_TEAM = 4CJW76Y9FL;
				ENABLE_PREVIEWS = YES;
				GENERATE_INFOPLIST_FILE = YES;
				INFOPLIST_KEY_UIApplicationSceneManifest_Generation = YES;
				INFOPLIST_KEY_UIApplicationSupportsIndirectInputEvents = YES;
				INFOPLIST_KEY_UILaunchScreen_Generation = YES;
				INFOPLIST_KEY_UISupportedInterfaceOrientations_iPad = "UIInterfaceOrientationPortrait UIInterfaceOrientationPortraitUpsideDown UIInterfaceOrientationLandscapeLeft UIInterfaceOrientationLandscapeRight";
				INFOPLIST_KEY_UISupportedInterfaceOrientations_iPhone = "UIInterfaceOrientationPortrait UIInterfaceOrientationLandscapeLeft UIInterfaceOrientationLandscapeRight";
				LD_RUNPATH_SEARCH_PATHS = (
					"$(inherited)",
					"@executable_path/Frameworks",
				);
				MARKETING_VERSION = 1.0;
				PRODUCT_BUNDLE_IDENTIFIER = Sahil.Amrut.Agashe.com.SAADemo;
				PRODUCT_NAME = "$(TARGET_NAME)";
				SWIFT_EMIT_LOC_STRINGS = YES;
				SWIFT_VERSION = 5.0;
				TARGETED_DEVICE_FAMILY = "1,2";
			};
			name = Debug;
		};
		8120DB062C688189000E3DDB /* Release */ = {
			isa = XCBuildConfiguration;
			buildSettings = {
				ASSETCATALOG_COMPILER_APPICON_NAME = AppIcon;
				ASSETCATALOG_COMPILER_GLOBAL_ACCENT_COLOR_NAME = AccentColor;
				CODE_SIGN_STYLE = Automatic;
				CURRENT_PROJECT_VERSION = 1;
				DEVELOPMENT_ASSET_PATHS = "\"SAADemo/Supporting Files/Preview Content\"";
				DEVELOPMENT_TEAM = 4CJW76Y9FL;
				ENABLE_PREVIEWS = YES;
				GENERATE_INFOPLIST_FILE = YES;
				INFOPLIST_KEY_UIApplicationSceneManifest_Generation = YES;
				INFOPLIST_KEY_UIApplicationSupportsIndirectInputEvents = YES;
				INFOPLIST_KEY_UILaunchScreen_Generation = YES;
				INFOPLIST_KEY_UISupportedInterfaceOrientations_iPad = "UIInterfaceOrientationPortrait UIInterfaceOrientationPortraitUpsideDown UIInterfaceOrientationLandscapeLeft UIInterfaceOrientationLandscapeRight";
				INFOPLIST_KEY_UISupportedInterfaceOrientations_iPhone = "UIInterfaceOrientationPortrait UIInterfaceOrientationLandscapeLeft UIInterfaceOrientationLandscapeRight";
				LD_RUNPATH_SEARCH_PATHS = (
					"$(inherited)",
					"@executable_path/Frameworks",
				);
				MARKETING_VERSION = 1.0;
				PRODUCT_BUNDLE_IDENTIFIER = Sahil.Amrut.Agashe.com.SAADemo;
				PRODUCT_NAME = "$(TARGET_NAME)";
				SWIFT_EMIT_LOC_STRINGS = YES;
				SWIFT_VERSION = 5.0;
				TARGETED_DEVICE_FAMILY = "1,2";
			};
			name = Release;
		};
/* End XCBuildConfiguration section */

/* Begin XCConfigurationList section */
		8120DAF12C688188000E3DDB /* Build configuration list for PBXProject "SAADemo" */ = {
			isa = XCConfigurationList;
			buildConfigurations = (
				8120DB022C688189000E3DDB /* Debug */,
				8120DB032C688189000E3DDB /* Release */,
			);
			defaultConfigurationIsVisible = 0;
			defaultConfigurationName = Release;
		};
		8120DB042C688189000E3DDB /* Build configuration list for PBXNativeTarget "SAADemo" */ = {
			isa = XCConfigurationList;
			buildConfigurations = (
				8120DB052C688189000E3DDB /* Debug */,
				8120DB062C688189000E3DDB /* Release */,
			);
			defaultConfigurationIsVisible = 0;
			defaultConfigurationName = Release;
		};
/* End XCConfigurationList section */
	};
	rootObject = 8120DAEE2C688188000E3DDB /* Project object */;
}
